<?xml version="1.0" encoding="UTF-8"?>
<CONFIG>
  <ProjectOptions>
    <Version Value="12"/>
    <PathDelim Value="\"/>
    <General>
      <SessionStorage Value="InProjectDir"/>
      <Title Value="dBaseCross"/>
      <Scaled Value="True"/>
      <UseAppBundle Value="False"/>
      <ResourceType Value="res"/>
      <UseXPManifest Value="True"/>
      <XPManifest>
        <DpiAware Value="True"/>
        <TextDesc Value="convert dBase code to other source code formatss"/>
      </XPManifest>
      <Icon Value="0"/>
    </General>
    <VersionInfo>
      <UseVersionInfo Value="True"/>
      <AutoIncrementBuild Value="True"/>
      <RevisionNr Value="1"/>
      <Attributes pvaPreRelease="True" pvaPrivateBuild="True" pvaSpecialBuild="True"/>
      <StringTable Comments="for education and personal purposes" CompanyName="kallup non-proft development" FileDescription="This application was created with Lazarus and FPC 3.2.2" InternalName="dBaseCross" LegalCopyright="(c) 2025 by Jens Kallup - paule32" LegalTrademarks="all rights reservd." OriginalFilename="dBaseCross" ProductName="dBase Cross Development" ProductVersion="0.0.1" PrivateBuild="paule32" SpecialBuild="paule32"/>
    </VersionInfo>
    <BuildModes>
      <Item Name="Default" Default="True"/>
    </BuildModes>
    <PublishOptions>
      <Version Value="2"/>
      <UseFileFilters Value="True"/>
    </PublishOptions>
    <RunParams>
      <FormatVersion Value="2"/>
    </RunParams>
    <RequiredPackages>
      <Item>
        <PackageName Value="SynEditDsgn"/>
      </Item>
      <Item>
        <PackageName Value="SynEdit"/>
      </Item>
      <Item>
        <PackageName Value="LCL"/>
      </Item>
    </RequiredPackages>
    <Units>
      <Unit>
        <Filename Value="dBaseCross.lpr"/>
        <IsPartOfProject Value="True"/>
      </Unit>
      <Unit>
        <Filename Value="dbaseeditor.pas"/>
        <IsPartOfProject Value="True"/>
        <ComponentName Value="Form1"/>
        <HasResources Value="True"/>
        <ResourceBaseClass Value="Form"/>
        <UnitName Value="dBaseEditor"/>
      </Unit>
      <Unit>
        <Filename Value="tokenprocessor.pas"/>
        <IsPartOfProject Value="True"/>
        <UnitName Value="TokenProcessor"/>
      </Unit>
      <Unit>
        <Filename Value="commentpreprocessor.pas"/>
        <IsPartOfProject Value="True"/>
        <UnitName Value="CommentPreprocessor"/>
      </Unit>
      <Unit>
        <Filename Value="globals.pas"/>
        <IsPartOfProject Value="True"/>
      </Unit>
      <Unit>
        <Filename Value="dbaseparser.pas"/>
        <IsPartOfProject Value="True"/>
        <UnitName Value="dBaseParser"/>
      </Unit>
    </Units>
  </ProjectOptions>
  <CompilerOptions>
    <Version Value="11"/>
    <PathDelim Value="\"/>
    <Target>
      <Filename Value="dBaseCross"/>
    </Target>
    <SearchPaths>
      <IncludeFiles Value="$(ProjOutDir)"/>
      <UnitOutputDirectory Value="lib\$(TargetCPU)-$(TargetOS)"/>
    </SearchPaths>
    <Linking>
      <Debugging>
        <DebugInfoType Value="dsDwarf3"/>
      </Debugging>
      <Options>
        <Win32>
          <GraphicApplication Value="True"/>
        </Win32>
      </Options>
    </Linking>
  </CompilerOptions>
  <Debugging>
    <Exceptions>
      <Item>
        <Name Value="EAbort"/>
      </Item>
      <Item>
        <Name Value="ECodetoolError"/>
      </Item>
      <Item>
        <Name Value="EFOpenError"/>
      </Item>
      <Item>
        <Name Value="Exception"/>
      </Item>
      <Item>
        <Name Value="ENoError"/>
      </Item>
    </Exceptions>
  </Debugging>
</CONFIG>
